
Microsoft Visual Studio Solution File, Format Version 12.00
# Visual Studio Version 16
VisualStudioVersion = 16.0.28922.388
MinimumVisualStudioVersion = 10.0.40219.1
Project("{888888A0-9F3D-457C-B088-3A5042F75D52}") = "bilibili-crawler", "bilibili-crawler\bilibili-crawler.pyproj", "{605FA7B1-0599-46D7-A1C7-BBFEA8C4C5CC}"
EndProject
Global
	GlobalSection(SolutionConfigurationPlatforms) = preSolution
		Debug|Any CPU = Debug|Any CPU
		Release|Any CPU = Release|Any CPU
	EndGlobalSection
	GlobalSection(ProjectConfigurationPlatforms) = postSolution
		{605FA7B1-0599-46D7-A1C7-BBFEA8C4C5CC}.Debug|Any CPU.ActiveCfg = Debug|Any CPU
		{605FA7B1-0599-46D7-A1C7-BBFEA8C4C5CC}.Release|Any CPU.ActiveCfg = Release|Any CPU
	EndGlobalSection
	GlobalSection(SolutionProperties) = preSolution
		HideSolutionNode = FALSE
	EndGlobalSection
	GlobalSection(ExtensibilityGlobals) = postSolution
		SolutionGuid = {854453EA-A5F2-46F4-B619-9AA60015CA41}
	EndGlobalSection
EndGlobal
